
Microsoft Visual Studio Solution File, Format Version 12.00
# Visual Studio Version 16
VisualStudioVersion = 16.0.31205.134
MinimumVisualStudioVersion = 10.0.40219.1
Project("{9A19103F-16F7-4668-BE54-9A1E7A4F7556}") = "TheMessageServer", "LandloadServer\TheMessageServer.csproj", "{3479137C-8233-4F29-A007-DFF108753851}"
EndProject
Project("{9A19103F-16F7-4668-BE54-9A1E7A4F7556}") = "PEProtocol", "PEProtocol\PEProtocol.csproj", "{5BE5C939-A695-4358-B83B-D40377B28183}"
EndProject
Global
	GlobalSection(SolutionConfigurationPlatforms) = preSolution
		Debug|Any CPU = Debug|Any CPU
		Release|Any CPU = Release|Any CPU
	EndGlobalSection
	GlobalSection(ProjectConfigurationPlatforms) = postSolution
		{3479137C-8233-4F29-A007-DFF108753851}.Debug|Any CPU.ActiveCfg = Debug|Any CPU
		{3479137C-8233-4F29-A007-DFF108753851}.Debug|Any CPU.Build.0 = Debug|Any CPU
		{3479137C-8233-4F29-A007-DFF108753851}.Release|Any CPU.ActiveCfg = Release|Any CPU
		{3479137C-8233-4F29-A007-DFF108753851}.Release|Any CPU.Build.0 = Release|Any CPU
		{5BE5C939-A695-4358-B83B-D40377B28183}.Debug|Any CPU.ActiveCfg = Debug|Any CPU
		{5BE5C939-A695-4358-B83B-D40377B28183}.Debug|Any CPU.Build.0 = Debug|Any CPU
		{5BE5C939-A695-4358-B83B-D40377B28183}.Release|Any CPU.ActiveCfg = Release|Any CPU
		{5BE5C939-A695-4358-B83B-D40377B28183}.Release|Any CPU.Build.0 = Release|Any CPU
	EndGlobalSection
	GlobalSection(SolutionProperties) = preSolution
		HideSolutionNode = FALSE
	EndGlobalSection
	GlobalSection(ExtensibilityGlobals) = postSolution
		SolutionGuid = {10B2A1D1-ADA4-42EF-A3DD-E419FDA85BAE}
	EndGlobalSection
EndGlobal
